
Microsoft Visual Studio Solution File, Format Version 12.00
# Visual Studio 2013
VisualStudioVersion = 12.0.31101.0
MinimumVisualStudioVersion = 10.0.40219.1
Project("{FAE04EC0-301F-11D3-BF4B-00C04F79EFBC}") = "CHCIS.P.Service", "CHCIS.P.Service\CHCIS.P.Service.csproj", "{7021E174-484E-4275-9181-0E27224104E4}"
EndProject
Project("{FAE04EC0-301F-11D3-BF4B-00C04F79EFBC}") = "CHCIS.P.Contract", "CHCIS.P.Contract\CHCIS.P.Contract.csproj", "{7DB4BB96-96D0-4CCC-BC30-814E6C92DB81}"
EndProject
Project("{FAE04EC0-301F-11D3-BF4B-00C04F79EFBC}") = "CHCIS.P.Domain", "CHCIS.P.Domain\CHCIS.P.Domain.csproj", "{5DDD45C8-4611-4297-9BC7-C6C50FDD0139}"
EndProject
Project("{FAE04EC0-301F-11D3-BF4B-00C04F79EFBC}") = "CHCIS.P.WebApi", "CHCIS.P.WebApi\CHCIS.P.WebApi.csproj", "{383FF6CC-BA0B-4DEB-A1CB-0C5F485725A0}"
EndProject
Project("{2150E333-8FDC-42A3-9474-1A3956D46DE8}") = "Solution Items", "Solution Items", "{2545164A-1181-4A7E-9AE9-AD506ECBF3B3}"
	ProjectSection(SolutionItems) = preProject
		.gitattributes = .gitattributes
		.gitignore = .gitignore
	EndProjectSection
EndProject
Project("{2150E333-8FDC-42A3-9474-1A3956D46DE8}") = "CHCIS.P", "CHCIS.P", "{3A1CCDF9-F740-4F50-83F2-F501BA3B9924}"
EndProject
Project("{2150E333-8FDC-42A3-9474-1A3956D46DE8}") = "CHCIS.C", "CHCIS.C", "{8FF741A5-2236-46D6-9F11-093BD639C55B}"
EndProject
Project("{FAE04EC0-301F-11D3-BF4B-00C04F79EFBC}") = "CHCIS.C.Domain", "CHCIS.C.Domain\CHCIS.C.Domain.csproj", "{0F85C113-0CB2-4BBD-A6A7-572D0D0029FC}"
EndProject
Project("{FAE04EC0-301F-11D3-BF4B-00C04F79EFBC}") = "CHCIS.C.Service", "CHCIS.C.Service\CHCIS.C.Service.csproj", "{1E4B912F-1C11-4C4F-8DE0-FDDC2D8DC4CE}"
EndProject
Project("{FAE04EC0-301F-11D3-BF4B-00C04F79EFBC}") = "CHCIS.C.Contract", "CHCIS.C.Contract\CHCIS.C.Contract.csproj", "{FDF9CE33-ABDE-499A-9858-22D9FAD6F251}"
EndProject
Project("{FAE04EC0-301F-11D3-BF4B-00C04F79EFBC}") = "CHCIS.C.WebApi", "CHCIS.C.WebApi\CHCIS.C.WebApi.csproj", "{B1D41C08-C17D-4B53-BC54-9199F5B9792F}"
EndProject
Global
	GlobalSection(SolutionConfigurationPlatforms) = preSolution
		Debug|Any CPU = Debug|Any CPU
		Release|Any CPU = Release|Any CPU
	EndGlobalSection
	GlobalSection(ProjectConfigurationPlatforms) = postSolution
		{7021E174-484E-4275-9181-0E27224104E4}.Debug|Any CPU.ActiveCfg = Debug|Any CPU
		{7021E174-484E-4275-9181-0E27224104E4}.Debug|Any CPU.Build.0 = Debug|Any CPU
		{7021E174-484E-4275-9181-0E27224104E4}.Release|Any CPU.ActiveCfg = Release|Any CPU
		{7021E174-484E-4275-9181-0E27224104E4}.Release|Any CPU.Build.0 = Release|Any CPU
		{7DB4BB96-96D0-4CCC-BC30-814E6C92DB81}.Debug|Any CPU.ActiveCfg = Debug|Any CPU
		{7DB4BB96-96D0-4CCC-BC30-814E6C92DB81}.Debug|Any CPU.Build.0 = Debug|Any CPU
		{7DB4BB96-96D0-4CCC-BC30-814E6C92DB81}.Release|Any CPU.ActiveCfg = Release|Any CPU
		{7DB4BB96-96D0-4CCC-BC30-814E6C92DB81}.Release|Any CPU.Build.0 = Release|Any CPU
		{5DDD45C8-4611-4297-9BC7-C6C50FDD0139}.Debug|Any CPU.ActiveCfg = Debug|Any CPU
		{5DDD45C8-4611-4297-9BC7-C6C50FDD0139}.Debug|Any CPU.Build.0 = Debug|Any CPU
		{5DDD45C8-4611-4297-9BC7-C6C50FDD0139}.Release|Any CPU.ActiveCfg = Release|Any CPU
		{5DDD45C8-4611-4297-9BC7-C6C50FDD0139}.Release|Any CPU.Build.0 = Release|Any CPU
		{383FF6CC-BA0B-4DEB-A1CB-0C5F485725A0}.Debug|Any CPU.ActiveCfg = Debug|Any CPU
		{383FF6CC-BA0B-4DEB-A1CB-0C5F485725A0}.Debug|Any CPU.Build.0 = Debug|Any CPU
		{383FF6CC-BA0B-4DEB-A1CB-0C5F485725A0}.Release|Any CPU.ActiveCfg = Release|Any CPU
		{383FF6CC-BA0B-4DEB-A1CB-0C5F485725A0}.Release|Any CPU.Build.0 = Release|Any CPU
		{0F85C113-0CB2-4BBD-A6A7-572D0D0029FC}.Debug|Any CPU.ActiveCfg = Debug|Any CPU
		{0F85C113-0CB2-4BBD-A6A7-572D0D0029FC}.Debug|Any CPU.Build.0 = Debug|Any CPU
		{0F85C113-0CB2-4BBD-A6A7-572D0D0029FC}.Release|Any CPU.ActiveCfg = Release|Any CPU
		{0F85C113-0CB2-4BBD-A6A7-572D0D0029FC}.Release|Any CPU.Build.0 = Release|Any CPU
		{1E4B912F-1C11-4C4F-8DE0-FDDC2D8DC4CE}.Debug|Any CPU.ActiveCfg = Debug|Any CPU
		{1E4B912F-1C11-4C4F-8DE0-FDDC2D8DC4CE}.Debug|Any CPU.Build.0 = Debug|Any CPU
		{1E4B912F-1C11-4C4F-8DE0-FDDC2D8DC4CE}.Release|Any CPU.ActiveCfg = Release|Any CPU
		{1E4B912F-1C11-4C4F-8DE0-FDDC2D8DC4CE}.Release|Any CPU.Build.0 = Release|Any CPU
		{FDF9CE33-ABDE-499A-9858-22D9FAD6F251}.Debug|Any CPU.ActiveCfg = Debug|Any CPU
		{FDF9CE33-ABDE-499A-9858-22D9FAD6F251}.Debug|Any CPU.Build.0 = Debug|Any CPU
		{FDF9CE33-ABDE-499A-9858-22D9FAD6F251}.Release|Any CPU.ActiveCfg = Release|Any CPU
		{FDF9CE33-ABDE-499A-9858-22D9FAD6F251}.Release|Any CPU.Build.0 = Release|Any CPU
		{B1D41C08-C17D-4B53-BC54-9199F5B9792F}.Debug|Any CPU.ActiveCfg = Debug|Any CPU
		{B1D41C08-C17D-4B53-BC54-9199F5B9792F}.Debug|Any CPU.Build.0 = Debug|Any CPU
		{B1D41C08-C17D-4B53-BC54-9199F5B9792F}.Release|Any CPU.ActiveCfg = Release|Any CPU
		{B1D41C08-C17D-4B53-BC54-9199F5B9792F}.Release|Any CPU.Build.0 = Release|Any CPU
	EndGlobalSection
	GlobalSection(SolutionProperties) = preSolution
		HideSolutionNode = FALSE
	EndGlobalSection
	GlobalSection(NestedProjects) = preSolution
		{7021E174-484E-4275-9181-0E27224104E4} = {3A1CCDF9-F740-4F50-83F2-F501BA3B9924}
		{7DB4BB96-96D0-4CCC-BC30-814E6C92DB81} = {3A1CCDF9-F740-4F50-83F2-F501BA3B9924}
		{5DDD45C8-4611-4297-9BC7-C6C50FDD0139} = {3A1CCDF9-F740-4F50-83F2-F501BA3B9924}
		{383FF6CC-BA0B-4DEB-A1CB-0C5F485725A0} = {3A1CCDF9-F740-4F50-83F2-F501BA3B9924}
		{0F85C113-0CB2-4BBD-A6A7-572D0D0029FC} = {2545164A-1181-4A7E-9AE9-AD506ECBF3B3}
		{1E4B912F-1C11-4C4F-8DE0-FDDC2D8DC4CE} = {2545164A-1181-4A7E-9AE9-AD506ECBF3B3}
		{FDF9CE33-ABDE-499A-9858-22D9FAD6F251} = {2545164A-1181-4A7E-9AE9-AD506ECBF3B3}
		{B1D41C08-C17D-4B53-BC54-9199F5B9792F} = {2545164A-1181-4A7E-9AE9-AD506ECBF3B3}
	EndGlobalSection
EndGlobal
